
Microsoft Visual Studio Solution File, Format Version 12.00
# Visual Studio Version 17
VisualStudioVersion = 17.14.37027.9 d17.14
MinimumVisualStudioVersion = 10.0.40219.1
Project("{FAE04EC0-301F-11D3-BF4B-00C04F79EFBC}") = "User_Management_API", "User_Management_API.csproj", "{67FE9431-7921-4183-92EB-B5877AF64180}"
EndProject
Global
	GlobalSection(SolutionConfigurationPlatforms) = preSolution
		Debug|Any CPU = Debug|Any CPU
		Release|Any CPU = Release|Any CPU
	EndGlobalSection
	GlobalSection(ProjectConfigurationPlatforms) = postSolution
		{67FE9431-7921-4183-92EB-B5877AF64180}.Debug|Any CPU.ActiveCfg = Debug|Any CPU
		{67FE9431-7921-4183-92EB-B5877AF64180}.Debug|Any CPU.Build.0 = Debug|Any CPU
		{67FE9431-7921-4183-92EB-B5877AF64180}.Release|Any CPU.ActiveCfg = Release|Any CPU
		{67FE9431-7921-4183-92EB-B5877AF64180}.Release|Any CPU.Build.0 = Release|Any CPU
	EndGlobalSection
	GlobalSection(SolutionProperties) = preSolution
		HideSolutionNode = FALSE
	EndGlobalSection
	GlobalSection(ExtensibilityGlobals) = postSolution
		SolutionGuid = {2C4E47B0-ADC2-4928-BB4E-46BDB74864CA}
	EndGlobalSection
EndGlobal
